# THIS IS AN AUTOGENERATED FILE. DO NOT EDIT THIS FILE DIRECTLY.
# yarn lockfile v1


react-native-callkeep@^3.1.1:
  version "3.1.1"
  resolved "https://registry.yarnpkg.com/react-native-callkeep/-/react-native-callkeep-3.1.1.tgz#fe62489973be9a22b6671a8dfbda7aa963b6d3d7"
  integrity sha512-IH+/beyBqnrcG1rNB9JwqIblOUQaRWQTtWJprcjGttT9yedhPRVNLAV6QVFK78u4DMew4gA06c0YywZsoEuYfw==

uuid@^8.3.1:
  version "8.3.1"
  resolved "https://registry.yarnpkg.com/uuid/-/uuid-8.3.1.tgz#2ba2e6ca000da60fce5a196954ab241131e05a31"
  integrity sha512-FOmRr+FmWEIG8uhZv6C2bTgEVXsHk08kE7mPlrBbEe+c3r9pjceVPgupIfNIhc4yx55H69OXANrUaSuu9eInKg==
